// !$*UTF8*$!
{
	archiveVersion = 1;
	classes = {
	};
	objectVersion = 50;
	objects = {

/* Begin PBXBuildFile section */
		FBE8437625BFB70000A2764F /* AppDelegate.m in Sources */ = {isa = PBXBuildFile; fileRef = FBE8437525BFB70000A2764F /* AppDelegate.m */; };
		FBE8437925BFB70000A2764F /* SceneDelegate.m in Sources */ = {isa = PBXBuildFile; fileRef = FBE8437825BFB70000A2764F /* SceneDelegate.m */; };
		FBE8437C25BFB70000A2764F /* ViewController.m in Sources */ = {isa = PBXBuildFile; fileRef = FBE8437B25BFB70000A2764F /* ViewController.m */; };
		FBE8437F25BFB70000A2764F /* Main.storyboard in Resources */ = {isa = PBXBuildFile; fileRef = FBE8437D25BFB70000A2764F /* Main.storyboard */; };
		FBE8438125BFB70200A2764F /* Assets.xcassets in Resources */ = {isa = PBXBuildFile; fileRef = FBE8438025BFB70200A2764F /* Assets.xcassets */; };
		FBE8438425BFB70200A2764F /* LaunchScreen.storyboard in Resources */ = {isa = PBXBuildFile; fileRef = FBE8438225BFB70200A2764F /* LaunchScreen.storyboard */; };
		FBE8438725BFB70200A2764F /* main.m in Sources */ = {isa = PBXBuildFile; fileRef = FBE8438625BFB70200A2764F /* main.m */; };
		FBE8439225BFB76700A2764F /* Schedule.m in Sources */ = {isa = PBXBuildFile; fileRef = FBE8439125BFB76700A2764F /* Schedule.m */; };
/* End PBXBuildFile section */

/* Begin PBXFileReference section */
		FBE8437125BFB70000A2764F /* 坚持14天.app */ = {isa = PBXFileReference; explicitFileType = wrapper.application; includeInIndex = 0; path = "坚持14天.app"; sourceTree = BUILT_PRODUCTS_DIR; };
		FBE8437425BFB70000A2764F /* AppDelegate.h */ = {isa = PBXFileReference; lastKnownFileType = sourcecode.c.h; path = AppDelegate.h; sourceTree = "<group>"; };
		FBE8437525BFB70000A2764F /* AppDelegate.m */ = {isa = PBXFileReference; lastKnownFileType = sourcecode.c.objc; path = AppDelegate.m; sourceTree = "<group>"; };
		FBE8437725BFB70000A2764F /* SceneDelegate.h */ = {isa = PBXFileReference; lastKnownFileType = sourcecode.c.h; path = SceneDelegate.h; sourceTree = "<group>"; };
		FBE8437825BFB70000A2764F /* SceneDelegate.m */ = {isa = PBXFileReference; lastKnownFileType = sourcecode.c.objc; path = SceneDelegate.m; sourceTree = "<group>"; };
		FBE8437A25BFB70000A2764F /* ViewController.h */ = {isa = PBXFileReference; lastKnownFileType = sourcecode.c.h; path = ViewController.h; sourceTree = "<group>"; };
		FBE8437B25BFB70000A2764F /* ViewController.m */ = {isa = PBXFileReference; lastKnownFileType = sourcecode.c.objc; path = ViewController.m; sourceTree = "<group>"; };
		FBE8437E25BFB70000A2764F /* Base */ = {isa = PBXFileReference; lastKnownFileType = file.storyboard; name = Base; path = Base.lproj/Main.storyboard; sourceTree = "<group>"; };
		FBE8438025BFB70200A2764F /* Assets.xcassets */ = {isa = PBXFileReference; lastKnownFileType = folder.assetcatalog; path = Assets.xcassets; sourceTree = "<group>"; };
		FBE8438325BFB70200A2764F /* Base */ = {isa = PBXFileReference; lastKnownFileType = file.storyboard; name = Base; path = Base.lproj/LaunchScreen.storyboard; sourceTree = "<group>"; };
		FBE8438525BFB70200A2764F /* Info.plist */ = {isa = PBXFileReference; lastKnownFileType = text.plist.xml; path = Info.plist; sourceTree = "<group>"; };
		FBE8438625BFB70200A2764F /* main.m */ = {isa = PBXFileReference; lastKnownFileType = sourcecode.c.objc; path = main.m; sourceTree = "<group>"; };
		FBE8439025BFB76700A2764F /* Schedule.h */ = {isa = PBXFileReference; lastKnownFileType = sourcecode.c.h; path = Schedule.h; sourceTree = "<group>"; };
		FBE8439125BFB76700A2764F /* Schedule.m */ = {isa = PBXFileReference; lastKnownFileType = sourcecode.c.objc; path = Schedule.m; sourceTree = "<group>"; };
/* End PBXFileReference section */

/* Begin PBXFrameworksBuildPhase section */
		FBE8436E25BFB70000A2764F /* Frameworks */ = {
			isa = PBXFrameworksBuildPhase;
			buildActionMask = 2147483647;
			files = (
			);
			runOnlyForDeploymentPostprocessing = 0;
		};
/* End PBXFrameworksBuildPhase section */

/* Begin PBXGroup section */
		FBE8436825BFB70000A2764F = {
			isa = PBXGroup;
			children = (
				FBE8437325BFB70000A2764F /* pushups-14 */,
				FBE8437225BFB70000A2764F /* Products */,
			);
			sourceTree = "<group>";
		};
		FBE8437225BFB70000A2764F /* Products */ = {
			isa = PBXGroup;
			children = (
				FBE8437125BFB70000A2764F /* 坚持14天.app */,
			);
			name = Products;
			sourceTree = "<group>";
		};
		FBE8437325BFB70000A2764F /* pushups-14 */ = {
			isa = PBXGroup;
			children = (
				FBE8438E25BFB74100A2764F /* models */,
				FBE8437425BFB70000A2764F /* AppDelegate.h */,
				FBE8437525BFB70000A2764F /* AppDelegate.m */,
				FBE8437725BFB70000A2764F /* SceneDelegate.h */,
				FBE8437825BFB70000A2764F /* SceneDelegate.m */,
				FBE8437A25BFB70000A2764F /* ViewController.h */,
				FBE8437B25BFB70000A2764F /* ViewController.m */,
				FBE8437D25BFB70000A2764F /* Main.storyboard */,
				FBE8438025BFB70200A2764F /* Assets.xcassets */,
				FBE8438225BFB70200A2764F /* LaunchScreen.storyboard */,
				FBE8438525BFB70200A2764F /* Info.plist */,
				FBE8438625BFB70200A2764F /* main.m */,
			);
			path = "pushups-14";
			sourceTree = "<group>";
		};
		FBE8438E25BFB74100A2764F /* models */ = {
			isa = PBXGroup;
			children = (
				FBE8439025BFB76700A2764F /* Schedule.h */,
				FBE8439125BFB76700A2764F /* Schedule.m */,
			);
			path = models;
			sourceTree = "<group>";
		};
/* End PBXGroup section */

/* Begin PBXNativeTarget section */
		FBE8437025BFB70000A2764F /* pushups-14 */ = {
			isa = PBXNativeTarget;
			buildConfigurationList = FBE8438A25BFB70200A2764F /* Build configuration list for PBXNativeTarget "pushups-14" */;
			buildPhases = (
				FBE8436D25BFB70000A2764F /* Sources */,
				FBE8436E25BFB70000A2764F /* Frameworks */,
				FBE8436F25BFB70000A2764F /* Resources */,
			);
			buildRules = (
			);
			dependencies = (
			);
			name = "pushups-14";
			productName = "pushups-14";
			productReference = FBE8437125BFB70000A2764F /* 坚持14天.app */;
			productType = "com.apple.product-type.application";
		};
/* End PBXNativeTarget section */

/* Begin PBXProject section */
		FBE8436925BFB70000A2764F /* Project object */ = {
			isa = PBXProject;
			attributes = {
				LastUpgradeCheck = 1230;
				TargetAttributes = {
					FBE8437025BFB70000A2764F = {
						CreatedOnToolsVersion = 12.3;
					};
				};
			};
			buildConfigurationList = FBE8436C25BFB70000A2764F /* Build configuration list for PBXProject "pushups-14" */;
			compatibilityVersion = "Xcode 9.3";
			developmentRegion = en;
			hasScannedForEncodings = 0;
			knownRegions = (
				en,
				Base,
			);
			mainGroup = FBE8436825BFB70000A2764F;
			productRefGroup = FBE8437225BFB70000A2764F /* Products */;
			projectDirPath = "";
			projectRoot = "";
			targets = (
				FBE8437025BFB70000A2764F /* pushups-14 */,
			);
		};
/* End PBXProject section */

/* Begin PBXResourcesBuildPhase section */
		FBE8436F25BFB70000A2764F /* Resources */ = {
			isa = PBXResourcesBuildPhase;
			buildActionMask = 2147483647;
			files = (
				FBE8438425BFB70200A2764F /* LaunchScreen.storyboard in Resources */,
				FBE8438125BFB70200A2764F /* Assets.xcassets in Resources */,
				FBE8437F25BFB70000A2764F /* Main.storyboard in Resources */,
			);
			runOnlyForDeploymentPostprocessing = 0;
		};
/* End PBXResourcesBuildPhase section */

/* Begin PBXSourcesBuildPhase section */
		FBE8436D25BFB70000A2764F /* Sources */ = {
			isa = PBXSourcesBuildPhase;
			buildActionMask = 2147483647;
			files = (
				FBE8439225BFB76700A2764F /* Schedule.m in Sources */,
				FBE8437C25BFB70000A2764F /* ViewController.m in Sources */,
				FBE8437625BFB70000A2764F /* AppDelegate.m in Sources */,
				FBE8438725BFB70200A2764F /* main.m in Sources */,
				FBE8437925BFB70000A2764F /* SceneDelegate.m in Sources */,
			);
			runOnlyForDeploymentPostprocessing = 0;
		};
/* End PBXSourcesBuildPhase section */

/* Begin PBXVariantGroup section */
		FBE8437D25BFB70000A2764F /* Main.storyboard */ = {
			isa = PBXVariantGroup;
			children = (
				FBE8437E25BFB70000A2764F /* Base */,
			);
			name = Main.storyboard;
			sourceTree = "<group>";
		};
		FBE8438225BFB70200A2764F /* LaunchScreen.storyboard */ = {
			isa = PBXVariantGroup;
			children = (
				FBE8438325BFB70200A2764F /* Base */,
			);
			name = LaunchScreen.storyboard;
			sourceTree = "<group>";
		};
/* End PBXVariantGroup section */

/* Begin XCBuildConfiguration section */
		FBE8438825BFB70200A2764F /* Debug */ = {
			isa = XCBuildConfiguration;
			buildSettings = {
				ALWAYS_SEARCH_USER_PATHS = NO;
				CLANG_ANALYZER_NONNULL = YES;
				CLANG_ANALYZER_NUMBER_OBJECT_CONVERSION = YES_AGGRESSIVE;
				CLANG_CXX_LANGUAGE_STANDARD = "gnu++14";
				CLANG_CXX_LIBRARY = "libc++";
				CLANG_ENABLE_MODULES = YES;
				CLANG_ENABLE_OBJC_ARC = YES;
				CLANG_ENABLE_OBJC_WEAK = YES;
				CLANG_WARN_BLOCK_CAPTURE_AUTORELEASING = YES;
				CLANG_WARN_BOOL_CONVERSION = YES;
				CLANG_WARN_COMMA = YES;
				CLANG_WARN_CONSTANT_CONVERSION = YES;
				CLANG_WARN_DEPRECATED_OBJC_IMPLEMENTATIONS = YES;
				CLANG_WARN_DIRECT_OBJC_ISA_USAGE = YES_ERROR;
				CLANG_WARN_DOCUMENTATION_COMMENTS = YES;
				CLANG_WARN_EMPTY_BODY = YES;
				CLANG_WARN_ENUM_CONVERSION = YES;
				CLANG_WARN_INFINITE_RECURSION = YES;
				CLANG_WARN_INT_CONVERSION = YES;
				CLANG_WARN_NON_LITERAL_NULL_CONVERSION = YES;
				CLANG_WARN_OBJC_IMPLICIT_RETAIN_SELF = YES;
				CLANG_WARN_OBJC_LITERAL_CONVERSION = YES;
				CLANG_WARN_OBJC_ROOT_CLASS = YES_ERROR;
				CLANG_WARN_QUOTED_INCLUDE_IN_FRAMEWORK_HEADER = YES;
				CLANG_WARN_RANGE_LOOP_ANALYSIS = YES;
				CLANG_WARN_STRICT_PROTOTYPES = YES;
				CLANG_WARN_SUSPICIOUS_MOVE = YES;
				CLANG_WARN_UNGUARDED_AVAILABILITY = YES_AGGRESSIVE;
				CLANG_WARN_UNREACHABLE_CODE = YES;
				CLANG_WARN__DUPLICATE_METHOD_MATCH = YES;
				COPY_PHASE_STRIP = NO;
				DEBUG_INFORMATION_FORMAT = dwarf;
				ENABLE_STRICT_OBJC_MSGSEND = YES;
				ENABLE_TESTABILITY = YES;
				GCC_C_LANGUAGE_STANDARD = gnu11;
				GCC_DYNAMIC_NO_PIC = NO;
				GCC_NO_COMMON_BLOCKS = YES;
				GCC_OPTIMIZATION_LEVEL = 0;
				GCC_PREPROCESSOR_DEFINITIONS = (
					"DEBUG=1",
					"$(inherited)",
				);
				GCC_WARN_64_TO_32_BIT_CONVERSION = YES;
				GCC_WARN_ABOUT_RETURN_TYPE = YES_ERROR;
				GCC_WARN_UNDECLARED_SELECTOR = YES;
				GCC_WARN_UNINITIALIZED_AUTOS = YES_AGGRESSIVE;
				GCC_WARN_UNUSED_FUNCTION = YES;
				GCC_WARN_UNUSED_VARIABLE = YES;
				IPHONEOS_DEPLOYMENT_TARGET = 14.3;
				MTL_ENABLE_DEBUG_INFO = INCLUDE_SOURCE;
				MTL_FAST_MATH = YES;
				ONLY_ACTIVE_ARCH = YES;
				SDKROOT = iphoneos;
			};
			name = Debug;
		};
		FBE8438925BFB70200A2764F /* Release */ = {
			isa = XCBuildConfiguration;
			buildSettings = {
				ALWAYS_SEARCH_USER_PATHS = NO;
				CLANG_ANALYZER_NONNULL = YES;
				CLANG_ANALYZER_NUMBER_OBJECT_CONVERSION = YES_AGGRESSIVE;
				CLANG_CXX_LANGUAGE_STANDARD = "gnu++14";
				CLANG_CXX_LIBRARY = "libc++";
				CLANG_ENABLE_MODULES = YES;
				CLANG_ENABLE_OBJC_ARC = YES;
				CLANG_ENABLE_OBJC_WEAK = YES;
				CLANG_WARN_BLOCK_CAPTURE_AUTORELEASING = YES;
				CLANG_WARN_BOOL_CONVERSION = YES;
				CLANG_WARN_COMMA = YES;
				CLANG_WARN_CONSTANT_CONVERSION = YES;
				CLANG_WARN_DEPRECATED_OBJC_IMPLEMENTATIONS = YES;
				CLANG_WARN_DIRECT_OBJC_ISA_USAGE = YES_ERROR;
				CLANG_WARN_DOCUMENTATION_COMMENTS = YES;
				CLANG_WARN_EMPTY_BODY = YES;
				CLANG_WARN_ENUM_CONVERSION = YES;
				CLANG_WARN_INFINITE_RECURSION = YES;
				CLANG_WARN_INT_CONVERSION = YES;
				CLANG_WARN_NON_LITERAL_NULL_CONVERSION = YES;
				CLANG_WARN_OBJC_IMPLICIT_RETAIN_SELF = YES;
				CLANG_WARN_OBJC_LITERAL_CONVERSION = YES;
				CLANG_WARN_OBJC_ROOT_CLASS = YES_ERROR;
				CLANG_WARN_QUOTED_INCLUDE_IN_FRAMEWORK_HEADER = YES;
				CLANG_WARN_RANGE_LOOP_ANALYSIS = YES;
				CLANG_WARN_STRICT_PROTOTYPES = YES;
				CLANG_WARN_SUSPICIOUS_MOVE = YES;
				CLANG_WARN_UNGUARDED_AVAILABILITY = YES_AGGRESSIVE;
				CLANG_WARN_UNREACHABLE_CODE = YES;
				CLANG_WARN__DUPLICATE_METHOD_MATCH = YES;
				COPY_PHASE_STRIP = NO;
				DEBUG_INFORMATION_FORMAT = "dwarf-with-dsym";
				ENABLE_NS_ASSERTIONS = NO;
				ENABLE_STRICT_OBJC_MSGSEND = YES;
				GCC_C_LANGUAGE_STANDARD = gnu11;
				GCC_NO_COMMON_BLOCKS = YES;
				GCC_WARN_64_TO_32_BIT_CONVERSION = YES;
				GCC_WARN_ABOUT_RETURN_TYPE = YES_ERROR;
				GCC_WARN_UNDECLARED_SELECTOR = YES;
				GCC_WARN_UNINITIALIZED_AUTOS = YES_AGGRESSIVE;
				GCC_WARN_UNUSED_FUNCTION = YES;
				GCC_WARN_UNUSED_VARIABLE = YES;
				IPHONEOS_DEPLOYMENT_TARGET = 14.3;
				MTL_ENABLE_DEBUG_INFO = NO;
				MTL_FAST_MATH = YES;
				SDKROOT = iphoneos;
				VALIDATE_PRODUCT = YES;
			};
			name = Release;
		};
		FBE8438B25BFB70200A2764F /* Debug */ = {
			isa = XCBuildConfiguration;
			buildSettings = {
				ASSETCATALOG_COMPILER_APPICON_NAME = AppIcon;
				ASSETCATALOG_COMPILER_GLOBAL_ACCENT_COLOR_NAME = AccentColor;
				CODE_SIGN_STYLE = Automatic;
				DEVELOPMENT_TEAM = UD8763N3M5;
				INFOPLIST_FILE = "pushups-14/Info.plist";
				IPHONEOS_DEPLOYMENT_TARGET = 14.3;
				LD_RUNPATH_SEARCH_PATHS = (
					"$(inherited)",
					"@executable_path/Frameworks",
				);
				PRODUCT_BUNDLE_IDENTIFIER = "buddysoft.cn.pushups-14";
				PRODUCT_NAME = "坚持14天";
				TARGETED_DEVICE_FAMILY = "1,2";
			};
			name = Debug;
		};
		FBE8438C25BFB70200A2764F /* Release */ = {
			isa = XCBuildConfiguration;
			buildSettings = {
				ASSETCATALOG_COMPILER_APPICON_NAME = AppIcon;
				ASSETCATALOG_COMPILER_GLOBAL_ACCENT_COLOR_NAME = AccentColor;
				CODE_SIGN_STYLE = Automatic;
				DEVELOPMENT_TEAM = UD8763N3M5;
				INFOPLIST_FILE = "pushups-14/Info.plist";
				IPHONEOS_DEPLOYMENT_TARGET = 14.3;
				LD_RUNPATH_SEARCH_PATHS = (
					"$(inherited)",
					"@executable_path/Frameworks",
				);
				PRODUCT_BUNDLE_IDENTIFIER = "buddysoft.cn.pushups-14";
				PRODUCT_NAME = "坚持14天";
				TARGETED_DEVICE_FAMILY = "1,2";
			};
			name = Release;
		};
/* End XCBuildConfiguration section */

/* Begin XCConfigurationList section */
		FBE8436C25BFB70000A2764F /* Build configuration list for PBXProject "pushups-14" */ = {
			isa = XCConfigurationList;
			buildConfigurations = (
				FBE8438825BFB70200A2764F /* Debug */,
				FBE8438925BFB70200A2764F /* Release */,
			);
			defaultConfigurationIsVisible = 0;
			defaultConfigurationName = Release;
		};
		FBE8438A25BFB70200A2764F /* Build configuration list for PBXNativeTarget "pushups-14" */ = {
			isa = XCConfigurationList;
			buildConfigurations = (
				FBE8438B25BFB70200A2764F /* Debug */,
				FBE8438C25BFB70200A2764F /* Release */,
			);
			defaultConfigurationIsVisible = 0;
			defaultConfigurationName = Release;
		};
/* End XCConfigurationList section */
	};
	rootObject = FBE8436925BFB70000A2764F /* Project object */;
}
